github.com/boombuler/barcode v1.0.1-0.20190219062509-6c824513bacc h1:biVzkmvwrH8WK8raXaxBx6fRVTlJILwEwQGL1I/ByEI=
github.com/boombuler/barcode v1.0.1-0.20190219062509-6c824513bacc/go.mod h1:paBWMcWSl3LHKBqUq+rly7CNSldXjb2rDl3JlRe0mD8=
github.com/creack/pty v1.1.7 h1:6pwm8kMQKCmgUg0ZHTm5+/YvRK0s3THD/28+T6/kk4A=
github.com/creack/pty v1.1.7/go.mod h1:lj5s0c3V2DBrqTV7llrYr5NG6My20zk30Fl46Y7DoTY=
github.com/davecgh/go-spew v1.1.0/go.mod h1:J7Y8YcW2NihsgmVo/mv3lAwl/skON4iLHjSsI+c5H38=
github.com/davecgh/go-spew v1.1.1/go.mod h1:J7Y8YcW2NihsgmVo/mv3lAwl/skON4iLHjSsI+c5H38=
github.com/elithrar/simple-scrypt v1.3.0 h1:KIlOlxdoQf9JWKl5lMAJ28SY2URB0XTRDn2TckyzAZg=
github.com/elithrar/simple-scrypt v1.3.0/go.mod h1:U2XQRI95XHY0St410VE3UjT7vuKb1qPwrl/EJwEqnZo=
github.com/facebookgo/ensure v0.0.0-20160127193407-b4ab57deab51/go.mod h1:Yg+htXGokKKdzcwhuNDwVvN+uBxDGXJ7G/VN1d8fa64=
github.com/facebookgo/stack v0.0.0-20160209184415-751773369052/go.mod h1:UbMTZqLaRiH3MsBH8va0n7s1pQYcu3uTb8G4tygF4Zg=
github.com/facebookgo/subset v0.0.0-20150612182917-8dac2c3c4870/go.mod h1:5tD+neXqOorC30/tWg0LCSkrqj/AR6gu8yY8/fpw1q0=
github.com/glycerine/go-unsnap-stream v0.0.0-20190901134440-81cf024a9e0a h1:FQqoVvjbiUioBBFUL5up+h+GdCa/AnJsL/1bIs/veSI=
github.com/glycerine/go-unsnap-stream v0.0.0-20190901134440-81cf024a9e0a/go.mod h1:/20jfyN9Y5QPEAprSgKAUr+glWDY39ZiUEAYOEv5dsE=
github.com/glycerine/goconvey v0.0.0-20190410193231-58a59202ab31 h1:gclg6gY70GLy3PbkQ1AERPfmLMMagS60DKF78eWwLn8=
github.com/glycerine/goconvey v0.0.0-20190410193231-58a59202ab31/go.mod h1:Ogl1Tioa0aV7gstGFO7KhffUsb9M4ydbEbbxpcEDc24=
github.com/glycerine/greenpack v1.6.1 h1:ydR6buBceEO97SK/3SpNWK/9gMTXsyu71wUfuhR+h6I=
github.com/glycerine/greenpack v5.1.1+incompatible h1:fDr9i6MkSGZmAy4VXPfJhW+SyK2/LNnzIp5nHyDiaIM=
github.com/glycerine/greenpack v5.1.1+incompatible/go.mod h1:us0jVISAESGjsEuLlAfCd5nkZm6W6WQF18HPuOecIg4=
github.com/glycerine/sshego v1.9.0 h1:J44gfsWw5Vmx4hFPAjXe7/u5fonph27Vub9CEnPxPiQ=
github.com/glycerine/sshego v7.0.3+incompatible h1:iqc8i9ZF0s/uLmyVw849NRso7jd9Mw1GPoQv2vAK6gQ=
github.com/glycerine/sshego v7.0.3+incompatible/go.mod h1:aJZW1S8J4qojuM+7QL8nTzbNLLR9zid+kDypc1h2eMk=
github.com/go-chi/chi v4.0.0+incompatible h1:SiLLEDyAkqNnw+T/uDTf3aFB9T4FTrwMpuYrgaRcnW4=
github.com/go-chi/chi v4.0.0+incompatible/go.mod h1:eB3wogJHnLi3x/kFX2A+IbTBlXxmMeXJVKy9tTv1XzQ=
github.com/gobuffalo/envy v1.9.0 h1:eZR0DuEgVLfeIb1zIKt3bT4YovIMf9O9LXQeCZLXpqE=
github.com/gobuffalo/envy v1.9.0/go.mod h1:FurDp9+EDPE4aIUS3ZLyD+7/9fpx7YRt/ukY6jIHf0w=
github.com/golang/snappy v0.0.2 h1:aeE13tS0IiQgFjYdoL8qN3K1N2bXXtI6Vi51/y7BpMw=
github.com/golang/snappy v0.0.2/go.mod h1:/XxbfmMg8lxefKM7IXC3fBNl/7bRcc72aCRzEWrmP2Q=
github.com/google/gofuzz v1.0.0/go.mod h1:dBl0BpW6vV/+mYPU4Po3pmUjxk6FQPldtuIdl/M65Eg=
github.com/joho/godotenv v1.3.0 h1:Zjp+RcGpHhGlrMbJzXTrZZPrWj+1vfm90La1wgB6Bhc=
github.com/joho/godotenv v1.3.0/go.mod h1:7hK45KPybAkOC6peb+G5yklZfMxEjkZhHbwpqxOKXbg=
github.com/json-iterator/go v1.1.10 h1:Kz6Cvnvv2wGdaG/V8yMvfkmNiXq9Ya2KUv4rouJJr68=
github.com/json-iterator/go v1.1.10/go.mod h1:KdQUCv79m/52Kvf8AW2vK1V8akMuk1QjK/uOdHXbAo4=
github.com/jtolds/gls v4.20.0+incompatible h1:xdiiI2gbIgH/gLH7ADydsJ1uDOEzR8yvV7C0MuV77Wo=
github.com/jtolds/gls v4.20.0+incompatible/go.mod h1:QJZ7F/aHp+rZTRtaJ1ow/lLfFfVYBRgL+9YlvaHOwJU=
github.com/kr/pretty v0.1.0/go.mod h1:dAy3ld7l9f0ibDNOQOHHMYYIIbhfbHSm3C4ZsoJORNo=
github.com/kr/pty v1.1.1/go.mod h1:pFQYn66WHrOpPYNljwOMqo10TkYh1fy3cYio2l3bCsQ=
github.com/kr/pty v1.1.8 h1:AkaSdXYQOWeaO3neb8EM634ahkXXe3jYbVh/F9lq+GI=
github.com/kr/pty v1.1.8/go.mod h1:O1sed60cT9XZ5uDucP5qwvh+TE3NnUj51EiZO/lmSfw=
github.com/kr/text v0.1.0/go.mod h1:4Jbv+DJW3UT/LiOwJeYQe1efqtUx/iVham/4vfdArNI=
github.com/mailgun/mailgun-go v1.1.1 h1:mjMcm4qz+SbjAYbGJ6DKROViKtO5S0YjpuOUxQfdr2A=
github.com/mailgun/mailgun-go v2.0.0+incompatible h1:0FoRHWwMUctnd8KIR3vtZbqdfjpIMxOZgcSa51s8F8o=
github.com/mailgun/mailgun-go v2.0.0+incompatible/go.mod h1:NWTyU+O4aczg/nsGhQnvHL6v2n5Gy6Sv5tNDVvC6FbU=
github.com/mailgun/mailgun-go/v4 v4.3.0 h1:9nAF7LI3k6bfDPbMZQMMl63Q8/vs+dr1FUN8eR1XMhk=
github.com/mailgun/mailgun-go/v4 v4.3.0/go.mod h1:fWuBI2iaS/pSSyo6+EBpHjatQO3lV8onwqcRy7joSJI=
github.com/modern-go/concurrent v0.0.0-20180228061459-e0a39a4cb421 h1:ZqeYNhU3OHLH3mGKHDcjJRFFRrJa6eAM5H+CtDdOsPc=
github.com/modern-go/concurrent v0.0.0-20180228061459-e0a39a4cb421/go.mod h1:6dJC0mAP4ikYIbvyc7fijjWJddQyLn8Ig3JB5CqoB9Q=
github.com/modern-go/reflect2 v0.0.0-20180701023420-4b7aa43c6742 h1:Esafd1046DLDQ0W1YjYsBW+p8U2u7vzgW2SQVmlNazg=
github.com/modern-go/reflect2 v0.0.0-20180701023420-4b7aa43c6742/go.mod h1:bx2lNnkwVCuqBIxFjflWJWanXIb3RllmbCylyMrvgv0=
github.com/philhofer/fwd v1.1.1 h1:GdGcTjf5RNAxwS4QLsiMzJYj5KEvPJD3Abr261yRQXQ=
github.com/philhofer/fwd v1.1.1/go.mod h1:gk3iGcWd9+svBvR0sR+KPcfE+RNWozjowpeBVG3ZVNU=
github.com/pkg/errors v0.8.1/go.mod h1:bwawxfHBFNV+L2hUp1rHADufV3IMtnDRdf1r5NINEl0=
github.com/pkg/errors v0.9.1 h1:FEBLx1zS214owpjy7qsBeixbURkuhQAwrK5UwLGTwt4=
github.com/pkg/errors v0.9.1/go.mod h1:bwawxfHBFNV+L2hUp1rHADufV3IMtnDRdf1r5NINEl0=
github.com/pmezard/go-difflib v1.0.0/go.mod h1:iKH77koFhYxTK1pcRnkKkqfTogsbg7gZNVY4sRDYZ/4=
github.com/pquerna/otp v1.3.0 h1:oJV/SkzR33anKXwQU3Of42rL4wbrffP4uvUf1SvS5Xs=
github.com/pquerna/otp v1.3.0/go.mod h1:dkJfzwRKNiegxyNb54X/3fLwhCynbMspSyWKnvi1AEg=
github.com/rogpeppe/go-internal v1.3.2 h1:XU784Pr0wdahMY2bYcyK6N1KuaRAdLtqD4qd8D18Bfs=
github.com/rogpeppe/go-internal v1.3.2/go.mod h1:xXDCJY+GAPziupqXw64V24skbSoqbTEfhy4qGm1nDQc=
github.com/skratchdot/open-golang v0.0.0-20200116055534-eef842397966 h1:JIAuq3EEf9cgbU6AtGPK4CTG3Zf6CKMNqf0MHTggAUA=
github.com/skratchdot/open-golang v0.0.0-20200116055534-eef842397966/go.mod h1:sUM3LWHvSMaG192sy56D9F7CNvL7jUJVXoqM1QKLnog=
github.com/stretchr/objx v0.1.0/go.mod h1:HFkY916IF+rwdDfMAkV7OtwuqBVzrE8GR6GFx+wExME=
github.com/stretchr/testify v1.3.0/go.mod h1:M5WIy9Dh21IEIfnGCwXGc5bZfKNJtfHm1UVUgZn+9EI=
github.com/stretchr/testify v1.4.0/go.mod h1:j7eGeouHqKxXV5pUuKE4zz7dFj8WfuZ+81PSLYec5m4=
golang.org/x/crypto v0.0.0-20190308221718-c2843e01d9a2/go.mod h1:djNgcEr1/C05ACkg1iLfiJU5Ep61QUkGW8qpdssI0+w=
golang.org/x/crypto v0.0.0-20201208171446-5f87f3452ae9 h1:sYNJzB4J8toYPQTM6pAkcmBRgw9SnQKP9oXCHfgy604=
golang.org/x/crypto v0.0.0-20201208171446-5f87f3452ae9/go.mod h1:jdWPYTVW3xRLrWPugEBEK3UY2ZEsg3UU495nc5E+M+I=
golang.org/x/net v0.0.0-20190404232315-eb5bcb51f2a3/go.mod h1:t9HGtf8HONx5eT2rtn7q6eTqICYqUVnKs3thJo3Qplg=
golang.org/x/sys v0.0.0-20190215142949-d0b11bdaac8a/go.mod h1:STP8DvDyc/dI5b8T5hshtkjS+E42TnysNCUPdjciGhY=
golang.org/x/sys v0.0.0-20191026070338-33540a1f6037/go.mod h1:h1NjWce9XRLGQEsW7wpKNCjG9DtNlClVuFLEZdDNbEs=
golang.org/x/term v0.0.0-20201117132131-f5c789dd3221/go.mod h1:Nr5EML6q2oocZ2LXRh80K7BxOlk5/8JxuGnuhpl+muw=
golang.org/x/text v0.3.0/go.mod h1:NqM8EUOU14njkJ3fqMW+pc6Ldnwhi/IjpwHt7yyuwOQ=
gopkg.in/check.v1 v0.0.0-20161208181325-20d25e280405/go.mod h1:Co6ibVJAznAaIkqp8huTwlJQCZ016jof/cbN4VW5Yz0=
gopkg.in/check.v1 v1.0.0-20180628173108-788fd7840127/go.mod h1:Co6ibVJAznAaIkqp8huTwlJQCZ016jof/cbN4VW5Yz0=
gopkg.in/errgo.v2 v2.1.0/go.mod h1:hNsd1EY+bozCKY1Ytp96fpM3vjJbqLJn88ws8XvfDNI=
gopkg.in/yaml.v2 v2.2.2/go.mod h1:hI93XBmqTisBFMUTm0b8Fm+jr3Dg1NNxqwp+5A1VGuI=
